
Microsoft Visual Studio Solution File, Format Version 12.00
# Visual Studio Version 17
VisualStudioVersion = 17.5.33414.496
MinimumVisualStudioVersion = 10.0.40219.1
Project("{9A19103F-16F7-4668-BE54-9A1E7A4F7556}") = "Structures", "Structures\Structures.csproj", "{A591EDDE-A340-4DA7-B43A-629F23C481A9}"
EndProject
Project("{9A19103F-16F7-4668-BE54-9A1E7A4F7556}") = "Structures.Tests", "Structures.Tests\Structures.Tests.csproj", "{ABA512AA-6107-4CC7-B456-A213C63B4AC9}"
EndProject
Project("{9A19103F-16F7-4668-BE54-9A1E7A4F7556}") = "Core", "Core\Core.csproj", "{294ED50A-94BD-4277-929D-78764435D9E4}"
EndProject
Project("{9A19103F-16F7-4668-BE54-9A1E7A4F7556}") = "RenderApp", "RenderApp\RenderApp.csproj", "{CF4B9ADF-12F3-4719-BDF4-334D02E3F6BA}"
EndProject
Project("{9A19103F-16F7-4668-BE54-9A1E7A4F7556}") = "Core.Tests", "Core.Tests\Core.Tests.csproj", "{D21FAE39-459A-4607-A16C-AE2DA46DB20B}"
EndProject
Project("{2150E333-8FDC-42A3-9474-1A3956D46DE8}") = "ImageFormatConverter", "ImageFormatConverter", "{0454F257-8D24-4F3F-B0C3-7C344E75C8F7}"
EndProject
Project("{2150E333-8FDC-42A3-9474-1A3956D46DE8}") = "ImageFormats", "ImageFormats", "{FA2E1518-338F-411C-BA42-81FC5AEC0EA4}"
EndProject
Project("{9A19103F-16F7-4668-BE54-9A1E7A4F7556}") = "Reader.BMP", "Reader.BMP\Reader.BMP.csproj", "{12F3258A-3120-4872-9BBC-D90CB109EF1C}"
EndProject
Project("{9A19103F-16F7-4668-BE54-9A1E7A4F7556}") = "Reader.PNG", "Reader.PNG\Reader.PNG.csproj", "{D7834F3C-E42E-42E7-A485-85353CEB4A40}"
EndProject
Project("{9A19103F-16F7-4668-BE54-9A1E7A4F7556}") = "Reader.PPM", "Reader.PPM\Reader.PPM.csproj", "{75C761A1-384D-41D3-B649-FC9252CF1BC4}"
EndProject
Project("{9A19103F-16F7-4668-BE54-9A1E7A4F7556}") = "Writer.BMP", "Writer.BMP\Writer.BMP.csproj", "{7D00EA30-0F2B-4A79-97D3-51D65386F7A4}"
EndProject
Project("{9A19103F-16F7-4668-BE54-9A1E7A4F7556}") = "Writer.PPM", "Writer.PPM\Writer.PPM.csproj", "{7230D03D-5A21-47E8-B9D2-BF791920F33C}"
EndProject
Project("{9A19103F-16F7-4668-BE54-9A1E7A4F7556}") = "ImageFormatConverter.Abstractions", "ImageFormatConverter.Abstractions\ImageFormatConverter.Abstractions.csproj", "{2096FE40-2916-4539-9C1E-5C52341C0BBF}"
EndProject
Project("{9A19103F-16F7-4668-BE54-9A1E7A4F7556}") = "ImageFormatConverter.Console", "ImageFormatConverter.Console\ImageFormatConverter.Console.csproj", "{F096A548-BF56-4E57-BF87-D312725C64AA}"
EndProject
Project("{9A19103F-16F7-4668-BE54-9A1E7A4F7556}") = "ImageFormatConverter.Tests", "ImageFormatConverter.Tests\ImageFormatConverter.Tests.csproj", "{3369BE70-06EE-4293-8D09-DC290CE0D120}"
EndProject
Project("{9A19103F-16F7-4668-BE54-9A1E7A4F7556}") = "Writer.PNG", "Writer.PNG\Writer.PNG.csproj", "{F0FA9DD1-2792-4812-9D8E-A204EC59BE5F}"
EndProject
Project("{FAE04EC0-301F-11D3-BF4B-00C04F79EFBC}") = "ImageFormatConverter.Common", "ImageFormatConverter.Common\ImageFormatConverter.Common.csproj", "{6B27AD9C-5E78-40B4-9AF8-07C641131F39}"
EndProject
Global
	GlobalSection(SolutionConfigurationPlatforms) = preSolution
		Debug|Any CPU = Debug|Any CPU
		Release|Any CPU = Release|Any CPU
	EndGlobalSection
	GlobalSection(ProjectConfigurationPlatforms) = postSolution
		{A591EDDE-A340-4DA7-B43A-629F23C481A9}.Debug|Any CPU.ActiveCfg = Debug|Any CPU
		{A591EDDE-A340-4DA7-B43A-629F23C481A9}.Debug|Any CPU.Build.0 = Debug|Any CPU
		{A591EDDE-A340-4DA7-B43A-629F23C481A9}.Release|Any CPU.ActiveCfg = Release|Any CPU
		{A591EDDE-A340-4DA7-B43A-629F23C481A9}.Release|Any CPU.Build.0 = Release|Any CPU
		{ABA512AA-6107-4CC7-B456-A213C63B4AC9}.Debug|Any CPU.ActiveCfg = Debug|Any CPU
		{ABA512AA-6107-4CC7-B456-A213C63B4AC9}.Debug|Any CPU.Build.0 = Debug|Any CPU
		{ABA512AA-6107-4CC7-B456-A213C63B4AC9}.Release|Any CPU.ActiveCfg = Release|Any CPU
		{ABA512AA-6107-4CC7-B456-A213C63B4AC9}.Release|Any CPU.Build.0 = Release|Any CPU
		{294ED50A-94BD-4277-929D-78764435D9E4}.Debug|Any CPU.ActiveCfg = Debug|Any CPU
		{294ED50A-94BD-4277-929D-78764435D9E4}.Debug|Any CPU.Build.0 = Debug|Any CPU
		{294ED50A-94BD-4277-929D-78764435D9E4}.Release|Any CPU.ActiveCfg = Release|Any CPU
		{294ED50A-94BD-4277-929D-78764435D9E4}.Release|Any CPU.Build.0 = Release|Any CPU
		{CF4B9ADF-12F3-4719-BDF4-334D02E3F6BA}.Debug|Any CPU.ActiveCfg = Debug|Any CPU
		{CF4B9ADF-12F3-4719-BDF4-334D02E3F6BA}.Debug|Any CPU.Build.0 = Debug|Any CPU
		{CF4B9ADF-12F3-4719-BDF4-334D02E3F6BA}.Release|Any CPU.ActiveCfg = Release|Any CPU
		{CF4B9ADF-12F3-4719-BDF4-334D02E3F6BA}.Release|Any CPU.Build.0 = Release|Any CPU
		{D21FAE39-459A-4607-A16C-AE2DA46DB20B}.Debug|Any CPU.ActiveCfg = Debug|Any CPU
		{D21FAE39-459A-4607-A16C-AE2DA46DB20B}.Debug|Any CPU.Build.0 = Debug|Any CPU
		{D21FAE39-459A-4607-A16C-AE2DA46DB20B}.Release|Any CPU.ActiveCfg = Release|Any CPU
		{D21FAE39-459A-4607-A16C-AE2DA46DB20B}.Release|Any CPU.Build.0 = Release|Any CPU
		{12F3258A-3120-4872-9BBC-D90CB109EF1C}.Debug|Any CPU.ActiveCfg = Debug|Any CPU
		{12F3258A-3120-4872-9BBC-D90CB109EF1C}.Debug|Any CPU.Build.0 = Debug|Any CPU
		{12F3258A-3120-4872-9BBC-D90CB109EF1C}.Release|Any CPU.ActiveCfg = Release|Any CPU
		{12F3258A-3120-4872-9BBC-D90CB109EF1C}.Release|Any CPU.Build.0 = Release|Any CPU
		{D7834F3C-E42E-42E7-A485-85353CEB4A40}.Debug|Any CPU.ActiveCfg = Debug|Any CPU
		{D7834F3C-E42E-42E7-A485-85353CEB4A40}.Debug|Any CPU.Build.0 = Debug|Any CPU
		{D7834F3C-E42E-42E7-A485-85353CEB4A40}.Release|Any CPU.ActiveCfg = Release|Any CPU
		{D7834F3C-E42E-42E7-A485-85353CEB4A40}.Release|Any CPU.Build.0 = Release|Any CPU
		{75C761A1-384D-41D3-B649-FC9252CF1BC4}.Debug|Any CPU.ActiveCfg = Debug|Any CPU
		{75C761A1-384D-41D3-B649-FC9252CF1BC4}.Debug|Any CPU.Build.0 = Debug|Any CPU
		{75C761A1-384D-41D3-B649-FC9252CF1BC4}.Release|Any CPU.ActiveCfg = Release|Any CPU
		{75C761A1-384D-41D3-B649-FC9252CF1BC4}.Release|Any CPU.Build.0 = Release|Any CPU
		{7D00EA30-0F2B-4A79-97D3-51D65386F7A4}.Debug|Any CPU.ActiveCfg = Debug|Any CPU
		{7D00EA30-0F2B-4A79-97D3-51D65386F7A4}.Debug|Any CPU.Build.0 = Debug|Any CPU
		{7D00EA30-0F2B-4A79-97D3-51D65386F7A4}.Release|Any CPU.ActiveCfg = Release|Any CPU
		{7D00EA30-0F2B-4A79-97D3-51D65386F7A4}.Release|Any CPU.Build.0 = Release|Any CPU
		{7230D03D-5A21-47E8-B9D2-BF791920F33C}.Debug|Any CPU.ActiveCfg = Debug|Any CPU
		{7230D03D-5A21-47E8-B9D2-BF791920F33C}.Debug|Any CPU.Build.0 = Debug|Any CPU
		{7230D03D-5A21-47E8-B9D2-BF791920F33C}.Release|Any CPU.ActiveCfg = Release|Any CPU
		{7230D03D-5A21-47E8-B9D2-BF791920F33C}.Release|Any CPU.Build.0 = Release|Any CPU
		{2096FE40-2916-4539-9C1E-5C52341C0BBF}.Debug|Any CPU.ActiveCfg = Debug|Any CPU
		{2096FE40-2916-4539-9C1E-5C52341C0BBF}.Debug|Any CPU.Build.0 = Debug|Any CPU
		{2096FE40-2916-4539-9C1E-5C52341C0BBF}.Release|Any CPU.ActiveCfg = Release|Any CPU
		{2096FE40-2916-4539-9C1E-5C52341C0BBF}.Release|Any CPU.Build.0 = Release|Any CPU
		{F096A548-BF56-4E57-BF87-D312725C64AA}.Debug|Any CPU.ActiveCfg = Debug|Any CPU
		{F096A548-BF56-4E57-BF87-D312725C64AA}.Debug|Any CPU.Build.0 = Debug|Any CPU
		{F096A548-BF56-4E57-BF87-D312725C64AA}.Release|Any CPU.ActiveCfg = Release|Any CPU
		{F096A548-BF56-4E57-BF87-D312725C64AA}.Release|Any CPU.Build.0 = Release|Any CPU
		{3369BE70-06EE-4293-8D09-DC290CE0D120}.Debug|Any CPU.ActiveCfg = Debug|Any CPU
		{3369BE70-06EE-4293-8D09-DC290CE0D120}.Debug|Any CPU.Build.0 = Debug|Any CPU
		{3369BE70-06EE-4293-8D09-DC290CE0D120}.Release|Any CPU.ActiveCfg = Release|Any CPU
		{3369BE70-06EE-4293-8D09-DC290CE0D120}.Release|Any CPU.Build.0 = Release|Any CPU
		{F0FA9DD1-2792-4812-9D8E-A204EC59BE5F}.Debug|Any CPU.ActiveCfg = Debug|Any CPU
		{F0FA9DD1-2792-4812-9D8E-A204EC59BE5F}.Debug|Any CPU.Build.0 = Debug|Any CPU
		{F0FA9DD1-2792-4812-9D8E-A204EC59BE5F}.Release|Any CPU.ActiveCfg = Release|Any CPU
		{F0FA9DD1-2792-4812-9D8E-A204EC59BE5F}.Release|Any CPU.Build.0 = Release|Any CPU
		{6B27AD9C-5E78-40B4-9AF8-07C641131F39}.Debug|Any CPU.ActiveCfg = Debug|Any CPU
		{6B27AD9C-5E78-40B4-9AF8-07C641131F39}.Debug|Any CPU.Build.0 = Debug|Any CPU
		{6B27AD9C-5E78-40B4-9AF8-07C641131F39}.Release|Any CPU.ActiveCfg = Release|Any CPU
		{6B27AD9C-5E78-40B4-9AF8-07C641131F39}.Release|Any CPU.Build.0 = Release|Any CPU
	EndGlobalSection
	GlobalSection(SolutionProperties) = preSolution
		HideSolutionNode = FALSE
	EndGlobalSection
	GlobalSection(NestedProjects) = preSolution
		{FA2E1518-338F-411C-BA42-81FC5AEC0EA4} = {0454F257-8D24-4F3F-B0C3-7C344E75C8F7}
		{12F3258A-3120-4872-9BBC-D90CB109EF1C} = {FA2E1518-338F-411C-BA42-81FC5AEC0EA4}
		{D7834F3C-E42E-42E7-A485-85353CEB4A40} = {FA2E1518-338F-411C-BA42-81FC5AEC0EA4}
		{75C761A1-384D-41D3-B649-FC9252CF1BC4} = {FA2E1518-338F-411C-BA42-81FC5AEC0EA4}
		{7D00EA30-0F2B-4A79-97D3-51D65386F7A4} = {FA2E1518-338F-411C-BA42-81FC5AEC0EA4}
		{7230D03D-5A21-47E8-B9D2-BF791920F33C} = {FA2E1518-338F-411C-BA42-81FC5AEC0EA4}
		{2096FE40-2916-4539-9C1E-5C52341C0BBF} = {0454F257-8D24-4F3F-B0C3-7C344E75C8F7}
		{F096A548-BF56-4E57-BF87-D312725C64AA} = {0454F257-8D24-4F3F-B0C3-7C344E75C8F7}
		{3369BE70-06EE-4293-8D09-DC290CE0D120} = {0454F257-8D24-4F3F-B0C3-7C344E75C8F7}
		{F0FA9DD1-2792-4812-9D8E-A204EC59BE5F} = {FA2E1518-338F-411C-BA42-81FC5AEC0EA4}
		{6B27AD9C-5E78-40B4-9AF8-07C641131F39} = {0454F257-8D24-4F3F-B0C3-7C344E75C8F7}
	EndGlobalSection
	GlobalSection(ExtensibilityGlobals) = postSolution
		SolutionGuid = {3D5D9627-A9EA-432D-9438-A2543D462A73}
	EndGlobalSection
EndGlobal
