
Microsoft Visual Studio Solution File, Format Version 12.00
# Visual Studio Version 17
VisualStudioVersion = 17.5.33414.496
MinimumVisualStudioVersion = 10.0.40219.1
Project("{9A19103F-16F7-4668-BE54-9A1E7A4F7556}") = "Structures", "Structures\Structures.csproj", "{A591EDDE-A340-4DA7-B43A-629F23C481A9}"
EndProject
Project("{9A19103F-16F7-4668-BE54-9A1E7A4F7556}") = "Structures.Tests", "Structures.Tests\Structures.Tests.csproj", "{ABA512AA-6107-4CC7-B456-A213C63B4AC9}"
EndProject
Project("{9A19103F-16F7-4668-BE54-9A1E7A4F7556}") = "Core", "Core\Core.csproj", "{294ED50A-94BD-4277-929D-78764435D9E4}"
EndProject
Project("{9A19103F-16F7-4668-BE54-9A1E7A4F7556}") = "RenderApp", "RenderApp\RenderApp.csproj", "{CF4B9ADF-12F3-4719-BDF4-334D02E3F6BA}"
EndProject
Project("{FAE04EC0-301F-11D3-BF4B-00C04F79EFBC}") = "Core.Tests", "Core.Tests\Core.Tests.csproj", "{D21FAE39-459A-4607-A16C-AE2DA46DB20B}"
EndProject
Project("{FAE04EC0-301F-11D3-BF4B-00C04F79EFBC}") = "ImageFormatConverter", "ImageFormatConverter\ImageFormatConverter.csproj", "{4E32DD94-077E-41DD-977B-F4BE65AE9BFD}"
EndProject
Global
	GlobalSection(SolutionConfigurationPlatforms) = preSolution
		Debug|Any CPU = Debug|Any CPU
		Release|Any CPU = Release|Any CPU
	EndGlobalSection
	GlobalSection(ProjectConfigurationPlatforms) = postSolution
		{A591EDDE-A340-4DA7-B43A-629F23C481A9}.Debug|Any CPU.ActiveCfg = Debug|Any CPU
		{A591EDDE-A340-4DA7-B43A-629F23C481A9}.Debug|Any CPU.Build.0 = Debug|Any CPU
		{A591EDDE-A340-4DA7-B43A-629F23C481A9}.Release|Any CPU.ActiveCfg = Release|Any CPU
		{A591EDDE-A340-4DA7-B43A-629F23C481A9}.Release|Any CPU.Build.0 = Release|Any CPU
		{ABA512AA-6107-4CC7-B456-A213C63B4AC9}.Debug|Any CPU.ActiveCfg = Debug|Any CPU
		{ABA512AA-6107-4CC7-B456-A213C63B4AC9}.Debug|Any CPU.Build.0 = Debug|Any CPU
		{ABA512AA-6107-4CC7-B456-A213C63B4AC9}.Release|Any CPU.ActiveCfg = Release|Any CPU
		{ABA512AA-6107-4CC7-B456-A213C63B4AC9}.Release|Any CPU.Build.0 = Release|Any CPU
		{294ED50A-94BD-4277-929D-78764435D9E4}.Debug|Any CPU.ActiveCfg = Debug|Any CPU
		{294ED50A-94BD-4277-929D-78764435D9E4}.Debug|Any CPU.Build.0 = Debug|Any CPU
		{294ED50A-94BD-4277-929D-78764435D9E4}.Release|Any CPU.ActiveCfg = Release|Any CPU
		{294ED50A-94BD-4277-929D-78764435D9E4}.Release|Any CPU.Build.0 = Release|Any CPU
		{CF4B9ADF-12F3-4719-BDF4-334D02E3F6BA}.Debug|Any CPU.ActiveCfg = Debug|Any CPU
		{CF4B9ADF-12F3-4719-BDF4-334D02E3F6BA}.Debug|Any CPU.Build.0 = Debug|Any CPU
		{CF4B9ADF-12F3-4719-BDF4-334D02E3F6BA}.Release|Any CPU.ActiveCfg = Release|Any CPU
		{CF4B9ADF-12F3-4719-BDF4-334D02E3F6BA}.Release|Any CPU.Build.0 = Release|Any CPU
		{D21FAE39-459A-4607-A16C-AE2DA46DB20B}.Debug|Any CPU.ActiveCfg = Debug|Any CPU
		{D21FAE39-459A-4607-A16C-AE2DA46DB20B}.Debug|Any CPU.Build.0 = Debug|Any CPU
		{D21FAE39-459A-4607-A16C-AE2DA46DB20B}.Release|Any CPU.ActiveCfg = Release|Any CPU
		{D21FAE39-459A-4607-A16C-AE2DA46DB20B}.Release|Any CPU.Build.0 = Release|Any CPU
		{4E32DD94-077E-41DD-977B-F4BE65AE9BFD}.Debug|Any CPU.ActiveCfg = Debug|Any CPU
		{4E32DD94-077E-41DD-977B-F4BE65AE9BFD}.Debug|Any CPU.Build.0 = Debug|Any CPU
		{4E32DD94-077E-41DD-977B-F4BE65AE9BFD}.Release|Any CPU.ActiveCfg = Release|Any CPU
		{4E32DD94-077E-41DD-977B-F4BE65AE9BFD}.Release|Any CPU.Build.0 = Release|Any CPU
	EndGlobalSection
	GlobalSection(SolutionProperties) = preSolution
		HideSolutionNode = FALSE
	EndGlobalSection
	GlobalSection(ExtensibilityGlobals) = postSolution
		SolutionGuid = {3D5D9627-A9EA-432D-9438-A2543D462A73}
	EndGlobalSection
EndGlobal
