
Microsoft Visual Studio Solution File, Format Version 12.00
Project("{FAE04EC0-301F-11D3-BF4B-00C04F79EFBC}") = "ImageFormatConverter.Tests", "ImageFormatConverter.Tests\ImageFormatConverter.Tests.csproj", "{4B0A81BB-08B8-456C-AD4E-A0DD5BE36BC9}"
EndProject
Project("{FAE04EC0-301F-11D3-BF4B-00C04F79EFBC}") = "ImageFormatConverter.Console", "ImageFormatConverter.Console\ImageFormatConverter.Console.csproj", "{8ECF82D2-EAC9-4FE7-940C-3F0C8D8FA0C5}"
EndProject
Project("{FAE04EC0-301F-11D3-BF4B-00C04F79EFBC}") = "ImageFormatConverter.Abstractions", "ImageFormatConverter.Abstractions\ImageFormatConverter.Abstractions.csproj", "{C43BD22E-C203-4174-B512-3A70F7848BFA}"
EndProject
Project("{FAE04EC0-301F-11D3-BF4B-00C04F79EFBC}") = "Core", "Core\Core.csproj", "{B71917A0-248B-4DD7-8978-52C3E58E0248}"
EndProject
Project("{2150E333-8FDC-42A3-9474-1A3956D46DE8}") = "ImageFormats", "ImageFormats", "{81E6A6DB-B951-4B00-8FDF-DF6C374B5B8C}"
EndProject
Project("{FAE04EC0-301F-11D3-BF4B-00C04F79EFBC}") = "Reader.BMP", "Reader.BMP\Reader.BMP.csproj", "{F8D551BF-907E-4FF5-9147-7CDB0E900921}"
EndProject
Project("{FAE04EC0-301F-11D3-BF4B-00C04F79EFBC}") = "Writer.BMP", "Writer.BMP\Writer.BMP.csproj", "{832479CB-61C5-4E62-99C2-C9A23C12A4F5}"
EndProject
Project("{FAE04EC0-301F-11D3-BF4B-00C04F79EFBC}") = "Reader.PPM", "Reader.PPM\Reader.PPM.csproj", "{8DF722C5-393B-4886-997B-5E3F4CD4E86A}"
EndProject
Project("{FAE04EC0-301F-11D3-BF4B-00C04F79EFBC}") = "Writer.PPM", "Writer.PPM\Writer.PPM.csproj", "{64F111E0-F4C6-4597-BF78-0953407E3B98}"
EndProject
Global
	GlobalSection(SolutionConfigurationPlatforms) = preSolution
		Debug|Any CPU = Debug|Any CPU
		Release|Any CPU = Release|Any CPU
	EndGlobalSection
	GlobalSection(ProjectConfigurationPlatforms) = postSolution
		{4B0A81BB-08B8-456C-AD4E-A0DD5BE36BC9}.Debug|Any CPU.ActiveCfg = Debug|Any CPU
		{4B0A81BB-08B8-456C-AD4E-A0DD5BE36BC9}.Debug|Any CPU.Build.0 = Debug|Any CPU
		{4B0A81BB-08B8-456C-AD4E-A0DD5BE36BC9}.Release|Any CPU.ActiveCfg = Release|Any CPU
		{4B0A81BB-08B8-456C-AD4E-A0DD5BE36BC9}.Release|Any CPU.Build.0 = Release|Any CPU
		{8ECF82D2-EAC9-4FE7-940C-3F0C8D8FA0C5}.Debug|Any CPU.ActiveCfg = Debug|Any CPU
		{8ECF82D2-EAC9-4FE7-940C-3F0C8D8FA0C5}.Debug|Any CPU.Build.0 = Debug|Any CPU
		{8ECF82D2-EAC9-4FE7-940C-3F0C8D8FA0C5}.Release|Any CPU.ActiveCfg = Release|Any CPU
		{8ECF82D2-EAC9-4FE7-940C-3F0C8D8FA0C5}.Release|Any CPU.Build.0 = Release|Any CPU
		{C43BD22E-C203-4174-B512-3A70F7848BFA}.Debug|Any CPU.ActiveCfg = Debug|Any CPU
		{C43BD22E-C203-4174-B512-3A70F7848BFA}.Debug|Any CPU.Build.0 = Debug|Any CPU
		{C43BD22E-C203-4174-B512-3A70F7848BFA}.Release|Any CPU.ActiveCfg = Release|Any CPU
		{C43BD22E-C203-4174-B512-3A70F7848BFA}.Release|Any CPU.Build.0 = Release|Any CPU
		{B71917A0-248B-4DD7-8978-52C3E58E0248}.Debug|Any CPU.ActiveCfg = Debug|Any CPU
		{B71917A0-248B-4DD7-8978-52C3E58E0248}.Debug|Any CPU.Build.0 = Debug|Any CPU
		{B71917A0-248B-4DD7-8978-52C3E58E0248}.Release|Any CPU.ActiveCfg = Release|Any CPU
		{B71917A0-248B-4DD7-8978-52C3E58E0248}.Release|Any CPU.Build.0 = Release|Any CPU
		{F8D551BF-907E-4FF5-9147-7CDB0E900921}.Debug|Any CPU.ActiveCfg = Debug|Any CPU
		{F8D551BF-907E-4FF5-9147-7CDB0E900921}.Debug|Any CPU.Build.0 = Debug|Any CPU
		{F8D551BF-907E-4FF5-9147-7CDB0E900921}.Release|Any CPU.ActiveCfg = Release|Any CPU
		{F8D551BF-907E-4FF5-9147-7CDB0E900921}.Release|Any CPU.Build.0 = Release|Any CPU
		{832479CB-61C5-4E62-99C2-C9A23C12A4F5}.Debug|Any CPU.ActiveCfg = Debug|Any CPU
		{832479CB-61C5-4E62-99C2-C9A23C12A4F5}.Debug|Any CPU.Build.0 = Debug|Any CPU
		{832479CB-61C5-4E62-99C2-C9A23C12A4F5}.Release|Any CPU.ActiveCfg = Release|Any CPU
		{832479CB-61C5-4E62-99C2-C9A23C12A4F5}.Release|Any CPU.Build.0 = Release|Any CPU
		{8DF722C5-393B-4886-997B-5E3F4CD4E86A}.Debug|Any CPU.ActiveCfg = Debug|Any CPU
		{8DF722C5-393B-4886-997B-5E3F4CD4E86A}.Debug|Any CPU.Build.0 = Debug|Any CPU
		{8DF722C5-393B-4886-997B-5E3F4CD4E86A}.Release|Any CPU.ActiveCfg = Release|Any CPU
		{8DF722C5-393B-4886-997B-5E3F4CD4E86A}.Release|Any CPU.Build.0 = Release|Any CPU
		{64F111E0-F4C6-4597-BF78-0953407E3B98}.Debug|Any CPU.ActiveCfg = Debug|Any CPU
		{64F111E0-F4C6-4597-BF78-0953407E3B98}.Debug|Any CPU.Build.0 = Debug|Any CPU
		{64F111E0-F4C6-4597-BF78-0953407E3B98}.Release|Any CPU.ActiveCfg = Release|Any CPU
		{64F111E0-F4C6-4597-BF78-0953407E3B98}.Release|Any CPU.Build.0 = Release|Any CPU
	EndGlobalSection
	GlobalSection(NestedProjects) = preSolution
		{F8D551BF-907E-4FF5-9147-7CDB0E900921} = {81E6A6DB-B951-4B00-8FDF-DF6C374B5B8C}
		{832479CB-61C5-4E62-99C2-C9A23C12A4F5} = {81E6A6DB-B951-4B00-8FDF-DF6C374B5B8C}
		{8DF722C5-393B-4886-997B-5E3F4CD4E86A} = {81E6A6DB-B951-4B00-8FDF-DF6C374B5B8C}
		{64F111E0-F4C6-4597-BF78-0953407E3B98} = {81E6A6DB-B951-4B00-8FDF-DF6C374B5B8C}
	EndGlobalSection
EndGlobal
